
Microsoft Visual Studio Solution File, Format Version 12.00
# Visual Studio Version 16
VisualStudioVersion = 16.0.30413.136
MinimumVisualStudioVersion = 10.0.40219.1
Project("{FAE04EC0-301F-11D3-BF4B-00C04F79EFBC}") = "Asp.netCoreWebApi", "Asp.netCoreWebApi.csproj", "{72D66417-4649-4258-9F73-14B3AC9DA023}"
EndProject
Global
	GlobalSection(SolutionConfigurationPlatforms) = preSolution
		Debug|Any CPU = Debug|Any CPU
		Release|Any CPU = Release|Any CPU
	EndGlobalSection
	GlobalSection(ProjectConfigurationPlatforms) = postSolution
		{72D66417-4649-4258-9F73-14B3AC9DA023}.Debug|Any CPU.ActiveCfg = Debug|Any CPU
		{72D66417-4649-4258-9F73-14B3AC9DA023}.Debug|Any CPU.Build.0 = Debug|Any CPU
		{72D66417-4649-4258-9F73-14B3AC9DA023}.Release|Any CPU.ActiveCfg = Release|Any CPU
		{72D66417-4649-4258-9F73-14B3AC9DA023}.Release|Any CPU.Build.0 = Release|Any CPU
	EndGlobalSection
	GlobalSection(SolutionProperties) = preSolution
		HideSolutionNode = FALSE
	EndGlobalSection
	GlobalSection(ExtensibilityGlobals) = postSolution
		SolutionGuid = {E4BF7AA0-76A7-400F-8A86-A4485CA3AE85}
	EndGlobalSection
EndGlobal
